
Microsoft Visual Studio Solution File, Format Version 12.00
# Visual Studio 2013
VisualStudioVersion = 12.0.31101.0
MinimumVisualStudioVersion = 10.0.40219.1
Project("{FAE04EC0-301F-11D3-BF4B-00C04F79EFBC}") = "CoolFishTests", "CoolFishTests\CoolFishTests.csproj", "{D4983991-664A-412E-B364-1D0BADDFD5C4}"
EndProject
Project("{7CF6DF6D-3B04-46F8-A40B-537D21BCA0B4}") = "CoolFishDoc", "Documentation\CoolFishDoc.shfbproj", "{03D608BD-E854-4DE9-9920-A7C35DEA3C74}"
EndProject
Project("{FAE04EC0-301F-11D3-BF4B-00C04F79EFBC}") = "GreyMagic", "GreyMagic\GreyMagic.csproj", "{29BEE34E-8D6A-47BF-96FA-ABA46F6E9B66}"
EndProject
Project("{2150E333-8FDC-42A3-9474-1A3956D46DE8}") = "Solution Items", "Solution Items", "{85B00EC4-8930-4DCF-AB66-7D0E5DE660E1}"
	ProjectSection(SolutionItems) = preProject
		Performance1.psess = Performance1.psess
	EndProjectSection
EndProject
Project("{FAE04EC0-301F-11D3-BF4B-00C04F79EFBC}") = "ReleaseManager", "ReleaseManager\ReleaseManager\ReleaseManager.csproj", "{12B9D9DD-F195-4EDE-818D-43EBF54921CD}"
	ProjectSection(ProjectDependencies) = postProject
		{29BEE34E-8D6A-47BF-96FA-ABA46F6E9B66} = {29BEE34E-8D6A-47BF-96FA-ABA46F6E9B66}
		{CA49E5B4-AF6A-4795-8DEC-D341673C3C5E} = {CA49E5B4-AF6A-4795-8DEC-D341673C3C5E}
		{440BA8EC-0DAA-4E57-9EE4-52B2088031AE} = {440BA8EC-0DAA-4E57-9EE4-52B2088031AE}
		{71E943FF-27F7-4C55-AD44-ED8CAAEC945E} = {71E943FF-27F7-4C55-AD44-ED8CAAEC945E}
	EndProjectSection
EndProject
Project("{FAE04EC0-301F-11D3-BF4B-00C04F79EFBC}") = "DomainWrapper", "DomainWrapper\DomainWrapper.csproj", "{CA49E5B4-AF6A-4795-8DEC-D341673C3C5E}"
EndProject
Project("{FAE04EC0-301F-11D3-BF4B-00C04F79EFBC}") = "CoolFish", "CoolFish\CoolFish.csproj", "{71E943FF-27F7-4C55-AD44-ED8CAAEC945E}"
EndProject
Project("{FAE04EC0-301F-11D3-BF4B-00C04F79EFBC}") = "CoolFishLib", "CoolFishLib\CoolFishLib.csproj", "{440BA8EC-0DAA-4E57-9EE4-52B2088031AE}"
EndProject
Global
	GlobalSection(SolutionConfigurationPlatforms) = preSolution
		Debug|Any CPU = Debug|Any CPU
		Debug|Mixed Platforms = Debug|Mixed Platforms
		Debug|x64 = Debug|x64
		Debug|x86 = Debug|x86
		Documentation|Any CPU = Documentation|Any CPU
		Documentation|Mixed Platforms = Documentation|Mixed Platforms
		Documentation|x64 = Documentation|x64
		Documentation|x86 = Documentation|x86
		Release|Any CPU = Release|Any CPU
		Release|Mixed Platforms = Release|Mixed Platforms
		Release|x64 = Release|x64
		Release|x86 = Release|x86
	EndGlobalSection
	GlobalSection(ProjectConfigurationPlatforms) = postSolution
		{D4983991-664A-412E-B364-1D0BADDFD5C4}.Debug|Any CPU.ActiveCfg = Debug|Any CPU
		{D4983991-664A-412E-B364-1D0BADDFD5C4}.Debug|Mixed Platforms.ActiveCfg = Debug|x86
		{D4983991-664A-412E-B364-1D0BADDFD5C4}.Debug|Mixed Platforms.Build.0 = Debug|x86
		{D4983991-664A-412E-B364-1D0BADDFD5C4}.Debug|x64.ActiveCfg = Debug|x64
		{D4983991-664A-412E-B364-1D0BADDFD5C4}.Debug|x86.ActiveCfg = Debug|x86
		{D4983991-664A-412E-B364-1D0BADDFD5C4}.Debug|x86.Build.0 = Debug|x86
		{D4983991-664A-412E-B364-1D0BADDFD5C4}.Documentation|Any CPU.ActiveCfg = Debug|Any CPU
		{D4983991-664A-412E-B364-1D0BADDFD5C4}.Documentation|Mixed Platforms.ActiveCfg = Debug|x86
		{D4983991-664A-412E-B364-1D0BADDFD5C4}.Documentation|Mixed Platforms.Build.0 = Debug|x86
		{D4983991-664A-412E-B364-1D0BADDFD5C4}.Documentation|x64.ActiveCfg = Debug|Any CPU
		{D4983991-664A-412E-B364-1D0BADDFD5C4}.Documentation|x86.ActiveCfg = Release|x86
		{D4983991-664A-412E-B364-1D0BADDFD5C4}.Documentation|x86.Build.0 = Release|x86
		{D4983991-664A-412E-B364-1D0BADDFD5C4}.Release|Any CPU.ActiveCfg = Release|Any CPU
		{D4983991-664A-412E-B364-1D0BADDFD5C4}.Release|Any CPU.Build.0 = Release|Any CPU
		{D4983991-664A-412E-B364-1D0BADDFD5C4}.Release|Mixed Platforms.ActiveCfg = Release|x86
		{D4983991-664A-412E-B364-1D0BADDFD5C4}.Release|Mixed Platforms.Build.0 = Release|x86
		{D4983991-664A-412E-B364-1D0BADDFD5C4}.Release|x64.ActiveCfg = Release|x64
		{D4983991-664A-412E-B364-1D0BADDFD5C4}.Release|x64.Build.0 = Release|x64
		{D4983991-664A-412E-B364-1D0BADDFD5C4}.Release|x86.ActiveCfg = Release|x86
		{D4983991-664A-412E-B364-1D0BADDFD5C4}.Release|x86.Build.0 = Release|x86
		{03D608BD-E854-4DE9-9920-A7C35DEA3C74}.Debug|Any CPU.ActiveCfg = Debug|Any CPU
		{03D608BD-E854-4DE9-9920-A7C35DEA3C74}.Debug|Any CPU.Build.0 = Debug|Any CPU
		{03D608BD-E854-4DE9-9920-A7C35DEA3C74}.Debug|Mixed Platforms.ActiveCfg = Debug|Any CPU
		{03D608BD-E854-4DE9-9920-A7C35DEA3C74}.Debug|Mixed Platforms.Build.0 = Debug|Any CPU
		{03D608BD-E854-4DE9-9920-A7C35DEA3C74}.Debug|x64.ActiveCfg = Debug|Any CPU
		{03D608BD-E854-4DE9-9920-A7C35DEA3C74}.Debug|x86.ActiveCfg = Debug|Any CPU
		{03D608BD-E854-4DE9-9920-A7C35DEA3C74}.Documentation|Any CPU.ActiveCfg = Debug|Any CPU
		{03D608BD-E854-4DE9-9920-A7C35DEA3C74}.Documentation|Any CPU.Build.0 = Debug|Any CPU
		{03D608BD-E854-4DE9-9920-A7C35DEA3C74}.Documentation|Mixed Platforms.ActiveCfg = Debug|Any CPU
		{03D608BD-E854-4DE9-9920-A7C35DEA3C74}.Documentation|Mixed Platforms.Build.0 = Debug|Any CPU
		{03D608BD-E854-4DE9-9920-A7C35DEA3C74}.Documentation|x64.ActiveCfg = Debug|Any CPU
		{03D608BD-E854-4DE9-9920-A7C35DEA3C74}.Documentation|x86.ActiveCfg = Release|Any CPU
		{03D608BD-E854-4DE9-9920-A7C35DEA3C74}.Documentation|x86.Build.0 = Release|Any CPU
		{03D608BD-E854-4DE9-9920-A7C35DEA3C74}.Release|Any CPU.ActiveCfg = Release|Any CPU
		{03D608BD-E854-4DE9-9920-A7C35DEA3C74}.Release|Any CPU.Build.0 = Release|Any CPU
		{03D608BD-E854-4DE9-9920-A7C35DEA3C74}.Release|Mixed Platforms.ActiveCfg = Release|Any CPU
		{03D608BD-E854-4DE9-9920-A7C35DEA3C74}.Release|Mixed Platforms.Build.0 = Release|Any CPU
		{03D608BD-E854-4DE9-9920-A7C35DEA3C74}.Release|x64.ActiveCfg = Release|Any CPU
		{03D608BD-E854-4DE9-9920-A7C35DEA3C74}.Release|x86.ActiveCfg = Release|Any CPU
		{29BEE34E-8D6A-47BF-96FA-ABA46F6E9B66}.Debug|Any CPU.ActiveCfg = Debug|Any CPU
		{29BEE34E-8D6A-47BF-96FA-ABA46F6E9B66}.Debug|Any CPU.Build.0 = Debug|Any CPU
		{29BEE34E-8D6A-47BF-96FA-ABA46F6E9B66}.Debug|Mixed Platforms.ActiveCfg = Debug|x86
		{29BEE34E-8D6A-47BF-96FA-ABA46F6E9B66}.Debug|Mixed Platforms.Build.0 = Debug|x86
		{29BEE34E-8D6A-47BF-96FA-ABA46F6E9B66}.Debug|x64.ActiveCfg = Debug|x64
		{29BEE34E-8D6A-47BF-96FA-ABA46F6E9B66}.Debug|x64.Build.0 = Debug|x64
		{29BEE34E-8D6A-47BF-96FA-ABA46F6E9B66}.Debug|x86.ActiveCfg = Debug|x86
		{29BEE34E-8D6A-47BF-96FA-ABA46F6E9B66}.Debug|x86.Build.0 = Debug|x86
		{29BEE34E-8D6A-47BF-96FA-ABA46F6E9B66}.Documentation|Any CPU.ActiveCfg = Debug|Any CPU
		{29BEE34E-8D6A-47BF-96FA-ABA46F6E9B66}.Documentation|Any CPU.Build.0 = Debug|Any CPU
		{29BEE34E-8D6A-47BF-96FA-ABA46F6E9B66}.Documentation|Mixed Platforms.ActiveCfg = Debug|x86
		{29BEE34E-8D6A-47BF-96FA-ABA46F6E9B66}.Documentation|Mixed Platforms.Build.0 = Debug|x86
		{29BEE34E-8D6A-47BF-96FA-ABA46F6E9B66}.Documentation|x64.ActiveCfg = Debug|x64
		{29BEE34E-8D6A-47BF-96FA-ABA46F6E9B66}.Documentation|x64.Build.0 = Debug|x64
		{29BEE34E-8D6A-47BF-96FA-ABA46F6E9B66}.Documentation|x86.ActiveCfg = Debug|x86
		{29BEE34E-8D6A-47BF-96FA-ABA46F6E9B66}.Documentation|x86.Build.0 = Debug|x86
		{29BEE34E-8D6A-47BF-96FA-ABA46F6E9B66}.Release|Any CPU.ActiveCfg = Release|Any CPU
		{29BEE34E-8D6A-47BF-96FA-ABA46F6E9B66}.Release|Any CPU.Build.0 = Release|Any CPU
		{29BEE34E-8D6A-47BF-96FA-ABA46F6E9B66}.Release|Mixed Platforms.ActiveCfg = Release|x86
		{29BEE34E-8D6A-47BF-96FA-ABA46F6E9B66}.Release|Mixed Platforms.Build.0 = Release|x86
		{29BEE34E-8D6A-47BF-96FA-ABA46F6E9B66}.Release|x64.ActiveCfg = Release|x64
		{29BEE34E-8D6A-47BF-96FA-ABA46F6E9B66}.Release|x64.Build.0 = Release|x64
		{29BEE34E-8D6A-47BF-96FA-ABA46F6E9B66}.Release|x86.ActiveCfg = Release|x86
		{29BEE34E-8D6A-47BF-96FA-ABA46F6E9B66}.Release|x86.Build.0 = Release|x86
		{12B9D9DD-F195-4EDE-818D-43EBF54921CD}.Debug|Any CPU.ActiveCfg = Debug|Any CPU
		{12B9D9DD-F195-4EDE-818D-43EBF54921CD}.Debug|Any CPU.Build.0 = Debug|Any CPU
		{12B9D9DD-F195-4EDE-818D-43EBF54921CD}.Debug|Mixed Platforms.ActiveCfg = Debug|x86
		{12B9D9DD-F195-4EDE-818D-43EBF54921CD}.Debug|Mixed Platforms.Build.0 = Debug|x86
		{12B9D9DD-F195-4EDE-818D-43EBF54921CD}.Debug|x64.ActiveCfg = Debug|Any CPU
		{12B9D9DD-F195-4EDE-818D-43EBF54921CD}.Debug|x86.ActiveCfg = Debug|x86
		{12B9D9DD-F195-4EDE-818D-43EBF54921CD}.Debug|x86.Build.0 = Debug|x86
		{12B9D9DD-F195-4EDE-818D-43EBF54921CD}.Documentation|Any CPU.ActiveCfg = Debug|Any CPU
		{12B9D9DD-F195-4EDE-818D-43EBF54921CD}.Documentation|Any CPU.Build.0 = Debug|Any CPU
		{12B9D9DD-F195-4EDE-818D-43EBF54921CD}.Documentation|Mixed Platforms.ActiveCfg = Debug|x86
		{12B9D9DD-F195-4EDE-818D-43EBF54921CD}.Documentation|Mixed Platforms.Build.0 = Debug|x86
		{12B9D9DD-F195-4EDE-818D-43EBF54921CD}.Documentation|x64.ActiveCfg = Debug|Any CPU
		{12B9D9DD-F195-4EDE-818D-43EBF54921CD}.Documentation|x86.ActiveCfg = Debug|x86
		{12B9D9DD-F195-4EDE-818D-43EBF54921CD}.Documentation|x86.Build.0 = Debug|x86
		{12B9D9DD-F195-4EDE-818D-43EBF54921CD}.Release|Any CPU.ActiveCfg = Release|Any CPU
		{12B9D9DD-F195-4EDE-818D-43EBF54921CD}.Release|Any CPU.Build.0 = Release|Any CPU
		{12B9D9DD-F195-4EDE-818D-43EBF54921CD}.Release|Mixed Platforms.ActiveCfg = Release|x86
		{12B9D9DD-F195-4EDE-818D-43EBF54921CD}.Release|Mixed Platforms.Build.0 = Release|x86
		{12B9D9DD-F195-4EDE-818D-43EBF54921CD}.Release|x64.ActiveCfg = Release|Any CPU
		{12B9D9DD-F195-4EDE-818D-43EBF54921CD}.Release|x86.ActiveCfg = Release|x86
		{12B9D9DD-F195-4EDE-818D-43EBF54921CD}.Release|x86.Build.0 = Release|x86
		{CA49E5B4-AF6A-4795-8DEC-D341673C3C5E}.Debug|Any CPU.ActiveCfg = Debug|Any CPU
		{CA49E5B4-AF6A-4795-8DEC-D341673C3C5E}.Debug|Any CPU.Build.0 = Debug|Any CPU
		{CA49E5B4-AF6A-4795-8DEC-D341673C3C5E}.Debug|Mixed Platforms.ActiveCfg = Debug|x86
		{CA49E5B4-AF6A-4795-8DEC-D341673C3C5E}.Debug|Mixed Platforms.Build.0 = Debug|x86
		{CA49E5B4-AF6A-4795-8DEC-D341673C3C5E}.Debug|x64.ActiveCfg = Debug|Any CPU
		{CA49E5B4-AF6A-4795-8DEC-D341673C3C5E}.Debug|x86.ActiveCfg = Debug|x86
		{CA49E5B4-AF6A-4795-8DEC-D341673C3C5E}.Debug|x86.Build.0 = Debug|x86
		{CA49E5B4-AF6A-4795-8DEC-D341673C3C5E}.Documentation|Any CPU.ActiveCfg = Debug|Any CPU
		{CA49E5B4-AF6A-4795-8DEC-D341673C3C5E}.Documentation|Any CPU.Build.0 = Debug|Any CPU
		{CA49E5B4-AF6A-4795-8DEC-D341673C3C5E}.Documentation|Mixed Platforms.ActiveCfg = Debug|x86
		{CA49E5B4-AF6A-4795-8DEC-D341673C3C5E}.Documentation|Mixed Platforms.Build.0 = Debug|x86
		{CA49E5B4-AF6A-4795-8DEC-D341673C3C5E}.Documentation|x64.ActiveCfg = Debug|Any CPU
		{CA49E5B4-AF6A-4795-8DEC-D341673C3C5E}.Documentation|x86.ActiveCfg = Debug|x86
		{CA49E5B4-AF6A-4795-8DEC-D341673C3C5E}.Documentation|x86.Build.0 = Debug|x86
		{CA49E5B4-AF6A-4795-8DEC-D341673C3C5E}.Release|Any CPU.ActiveCfg = Release|Any CPU
		{CA49E5B4-AF6A-4795-8DEC-D341673C3C5E}.Release|Any CPU.Build.0 = Release|Any CPU
		{CA49E5B4-AF6A-4795-8DEC-D341673C3C5E}.Release|Mixed Platforms.ActiveCfg = Release|x86
		{CA49E5B4-AF6A-4795-8DEC-D341673C3C5E}.Release|Mixed Platforms.Build.0 = Release|x86
		{CA49E5B4-AF6A-4795-8DEC-D341673C3C5E}.Release|x64.ActiveCfg = Release|Any CPU
		{CA49E5B4-AF6A-4795-8DEC-D341673C3C5E}.Release|x86.ActiveCfg = Release|x86
		{CA49E5B4-AF6A-4795-8DEC-D341673C3C5E}.Release|x86.Build.0 = Release|x86
		{71E943FF-27F7-4C55-AD44-ED8CAAEC945E}.Debug|Any CPU.ActiveCfg = Debug|Any CPU
		{71E943FF-27F7-4C55-AD44-ED8CAAEC945E}.Debug|Any CPU.Build.0 = Debug|Any CPU
		{71E943FF-27F7-4C55-AD44-ED8CAAEC945E}.Debug|Mixed Platforms.ActiveCfg = Debug|x86
		{71E943FF-27F7-4C55-AD44-ED8CAAEC945E}.Debug|Mixed Platforms.Build.0 = Debug|x86
		{71E943FF-27F7-4C55-AD44-ED8CAAEC945E}.Debug|x64.ActiveCfg = Debug|Any CPU
		{71E943FF-27F7-4C55-AD44-ED8CAAEC945E}.Debug|x86.ActiveCfg = Debug|x86
		{71E943FF-27F7-4C55-AD44-ED8CAAEC945E}.Debug|x86.Build.0 = Debug|x86
		{71E943FF-27F7-4C55-AD44-ED8CAAEC945E}.Documentation|Any CPU.ActiveCfg = Debug|Any CPU
		{71E943FF-27F7-4C55-AD44-ED8CAAEC945E}.Documentation|Any CPU.Build.0 = Debug|Any CPU
		{71E943FF-27F7-4C55-AD44-ED8CAAEC945E}.Documentation|Mixed Platforms.ActiveCfg = Debug|x86
		{71E943FF-27F7-4C55-AD44-ED8CAAEC945E}.Documentation|Mixed Platforms.Build.0 = Debug|x86
		{71E943FF-27F7-4C55-AD44-ED8CAAEC945E}.Documentation|x64.ActiveCfg = Debug|Any CPU
		{71E943FF-27F7-4C55-AD44-ED8CAAEC945E}.Documentation|x86.ActiveCfg = Debug|x86
		{71E943FF-27F7-4C55-AD44-ED8CAAEC945E}.Documentation|x86.Build.0 = Debug|x86
		{71E943FF-27F7-4C55-AD44-ED8CAAEC945E}.Release|Any CPU.ActiveCfg = Release|Any CPU
		{71E943FF-27F7-4C55-AD44-ED8CAAEC945E}.Release|Any CPU.Build.0 = Release|Any CPU
		{71E943FF-27F7-4C55-AD44-ED8CAAEC945E}.Release|Mixed Platforms.ActiveCfg = Release|x86
		{71E943FF-27F7-4C55-AD44-ED8CAAEC945E}.Release|Mixed Platforms.Build.0 = Release|x86
		{71E943FF-27F7-4C55-AD44-ED8CAAEC945E}.Release|x64.ActiveCfg = Release|Any CPU
		{71E943FF-27F7-4C55-AD44-ED8CAAEC945E}.Release|x86.ActiveCfg = Release|x86
		{71E943FF-27F7-4C55-AD44-ED8CAAEC945E}.Release|x86.Build.0 = Release|x86
		{440BA8EC-0DAA-4E57-9EE4-52B2088031AE}.Debug|Any CPU.ActiveCfg = Debug|Any CPU
		{440BA8EC-0DAA-4E57-9EE4-52B2088031AE}.Debug|Any CPU.Build.0 = Debug|Any CPU
		{440BA8EC-0DAA-4E57-9EE4-52B2088031AE}.Debug|Mixed Platforms.ActiveCfg = Debug|x86
		{440BA8EC-0DAA-4E57-9EE4-52B2088031AE}.Debug|Mixed Platforms.Build.0 = Debug|x86
		{440BA8EC-0DAA-4E57-9EE4-52B2088031AE}.Debug|x64.ActiveCfg = Debug|x64
		{440BA8EC-0DAA-4E57-9EE4-52B2088031AE}.Debug|x64.Build.0 = Debug|x64
		{440BA8EC-0DAA-4E57-9EE4-52B2088031AE}.Debug|x86.ActiveCfg = Debug|x86
		{440BA8EC-0DAA-4E57-9EE4-52B2088031AE}.Debug|x86.Build.0 = Debug|x86
		{440BA8EC-0DAA-4E57-9EE4-52B2088031AE}.Documentation|Any CPU.ActiveCfg = Debug|Any CPU
		{440BA8EC-0DAA-4E57-9EE4-52B2088031AE}.Documentation|Any CPU.Build.0 = Debug|Any CPU
		{440BA8EC-0DAA-4E57-9EE4-52B2088031AE}.Documentation|Mixed Platforms.ActiveCfg = Debug|x86
		{440BA8EC-0DAA-4E57-9EE4-52B2088031AE}.Documentation|Mixed Platforms.Build.0 = Debug|x86
		{440BA8EC-0DAA-4E57-9EE4-52B2088031AE}.Documentation|x64.ActiveCfg = Debug|x64
		{440BA8EC-0DAA-4E57-9EE4-52B2088031AE}.Documentation|x64.Build.0 = Debug|x64
		{440BA8EC-0DAA-4E57-9EE4-52B2088031AE}.Documentation|x86.ActiveCfg = Debug|x86
		{440BA8EC-0DAA-4E57-9EE4-52B2088031AE}.Documentation|x86.Build.0 = Debug|x86
		{440BA8EC-0DAA-4E57-9EE4-52B2088031AE}.Release|Any CPU.ActiveCfg = Release|Any CPU
		{440BA8EC-0DAA-4E57-9EE4-52B2088031AE}.Release|Any CPU.Build.0 = Release|Any CPU
		{440BA8EC-0DAA-4E57-9EE4-52B2088031AE}.Release|Mixed Platforms.ActiveCfg = Release|x86
		{440BA8EC-0DAA-4E57-9EE4-52B2088031AE}.Release|Mixed Platforms.Build.0 = Release|x86
		{440BA8EC-0DAA-4E57-9EE4-52B2088031AE}.Release|x64.ActiveCfg = Release|x64
		{440BA8EC-0DAA-4E57-9EE4-52B2088031AE}.Release|x64.Build.0 = Release|x64
		{440BA8EC-0DAA-4E57-9EE4-52B2088031AE}.Release|x86.ActiveCfg = Release|x86
		{440BA8EC-0DAA-4E57-9EE4-52B2088031AE}.Release|x86.Build.0 = Release|x86
	EndGlobalSection
	GlobalSection(SolutionProperties) = preSolution
		HideSolutionNode = FALSE
	EndGlobalSection
	GlobalSection(ExtensibilityGlobals) = postSolution
		BuildVersion_IncrementBeforeBuild = True
	EndGlobalSection
EndGlobal
